
Microsoft Visual Studio Solution File, Format Version 12.00
# Visual Studio Version 17
VisualStudioVersion = 17.7.34009.444
MinimumVisualStudioVersion = 10.0.40219.1
Project("{9A19103F-16F7-4668-BE54-9A1E7A4F7556}") = "Webapi.Event+.Tarde", "Webapi.Event+.Tarde.csproj", "{3218286A-546A-4F1D-AD72-AE5FB9837C8A}"
EndProject
Project("{2150E333-8FDC-42A3-9474-1A3956D46DE8}") = "Solution Items", "Solution Items", "{6E642AF7-0A49-42CC-979E-D4D01FEB00C6}"
	ProjectSection(SolutionItems) = preProject
		.editorconfig = .editorconfig
	EndProjectSection
EndProject
Global
	GlobalSection(SolutionConfigurationPlatforms) = preSolution
		Debug|Any CPU = Debug|Any CPU
		Release|Any CPU = Release|Any CPU
	EndGlobalSection
	GlobalSection(ProjectConfigurationPlatforms) = postSolution
		{3218286A-546A-4F1D-AD72-AE5FB9837C8A}.Debug|Any CPU.ActiveCfg = Debug|Any CPU
		{3218286A-546A-4F1D-AD72-AE5FB9837C8A}.Debug|Any CPU.Build.0 = Debug|Any CPU
		{3218286A-546A-4F1D-AD72-AE5FB9837C8A}.Release|Any CPU.ActiveCfg = Release|Any CPU
		{3218286A-546A-4F1D-AD72-AE5FB9837C8A}.Release|Any CPU.Build.0 = Release|Any CPU
	EndGlobalSection
	GlobalSection(SolutionProperties) = preSolution
		HideSolutionNode = FALSE
	EndGlobalSection
	GlobalSection(ExtensibilityGlobals) = postSolution
		SolutionGuid = {92B244D7-769D-4A16-B932-1E5686E75FE6}
	EndGlobalSection
EndGlobal
