
Microsoft Visual Studio Solution File, Format Version 12.00
# Visual Studio Version 17
VisualStudioVersion = 17.8.34511.84
MinimumVisualStudioVersion = 10.0.40219.1
Project("{FAE04EC0-301F-11D3-BF4B-00C04F79EFBC}") = "ControleDeIventario", "ControleDeIventario\ControleDeIventario.csproj", "{6E49E21C-141D-4381-BE82-5E2BABE8CF85}"
EndProject
Project("{FAE04EC0-301F-11D3-BF4B-00C04F79EFBC}") = "ControleDeInventarioTest", "ControleDeInventarioTest\ControleDeInventarioTest.csproj", "{43EB8EE8-9386-43B1-8E1B-DDF7BBD7226C}"
EndProject
Global
	GlobalSection(SolutionConfigurationPlatforms) = preSolution
		Debug|Any CPU = Debug|Any CPU
		Release|Any CPU = Release|Any CPU
	EndGlobalSection
	GlobalSection(ProjectConfigurationPlatforms) = postSolution
		{6E49E21C-141D-4381-BE82-5E2BABE8CF85}.Debug|Any CPU.ActiveCfg = Debug|Any CPU
		{6E49E21C-141D-4381-BE82-5E2BABE8CF85}.Debug|Any CPU.Build.0 = Debug|Any CPU
		{6E49E21C-141D-4381-BE82-5E2BABE8CF85}.Release|Any CPU.ActiveCfg = Release|Any CPU
		{6E49E21C-141D-4381-BE82-5E2BABE8CF85}.Release|Any CPU.Build.0 = Release|Any CPU
		{43EB8EE8-9386-43B1-8E1B-DDF7BBD7226C}.Debug|Any CPU.ActiveCfg = Debug|Any CPU
		{43EB8EE8-9386-43B1-8E1B-DDF7BBD7226C}.Debug|Any CPU.Build.0 = Debug|Any CPU
		{43EB8EE8-9386-43B1-8E1B-DDF7BBD7226C}.Release|Any CPU.ActiveCfg = Release|Any CPU
		{43EB8EE8-9386-43B1-8E1B-DDF7BBD7226C}.Release|Any CPU.Build.0 = Release|Any CPU
	EndGlobalSection
	GlobalSection(SolutionProperties) = preSolution
		HideSolutionNode = FALSE
	EndGlobalSection
	GlobalSection(ExtensibilityGlobals) = postSolution
		SolutionGuid = {B43A3614-512A-45C7-9743-3E62E6241133}
	EndGlobalSection
EndGlobal
