
Microsoft Visual Studio Solution File, Format Version 12.00
# Visual Studio Version 17
VisualStudioVersion = 17.8.34511.84
MinimumVisualStudioVersion = 10.0.40219.1
Project("{9A19103F-16F7-4668-BE54-9A1E7A4F7556}") = "Email", "Email\Email.csproj", "{0FCAFE88-6FA1-44A2-A46B-C5F7C9CBA5CA}"
EndProject
Project("{FAE04EC0-301F-11D3-BF4B-00C04F79EFBC}") = "EmailTestUnit", "EmailTestUnit\EmailTestUnit.csproj", "{70747C32-6892-42EB-ABF8-93BDB167B2E4}"
EndProject
Global
	GlobalSection(SolutionConfigurationPlatforms) = preSolution
		Debug|Any CPU = Debug|Any CPU
		Release|Any CPU = Release|Any CPU
	EndGlobalSection
	GlobalSection(ProjectConfigurationPlatforms) = postSolution
		{0FCAFE88-6FA1-44A2-A46B-C5F7C9CBA5CA}.Debug|Any CPU.ActiveCfg = Debug|Any CPU
		{0FCAFE88-6FA1-44A2-A46B-C5F7C9CBA5CA}.Debug|Any CPU.Build.0 = Debug|Any CPU
		{0FCAFE88-6FA1-44A2-A46B-C5F7C9CBA5CA}.Release|Any CPU.ActiveCfg = Release|Any CPU
		{0FCAFE88-6FA1-44A2-A46B-C5F7C9CBA5CA}.Release|Any CPU.Build.0 = Release|Any CPU
		{70747C32-6892-42EB-ABF8-93BDB167B2E4}.Debug|Any CPU.ActiveCfg = Debug|Any CPU
		{70747C32-6892-42EB-ABF8-93BDB167B2E4}.Debug|Any CPU.Build.0 = Debug|Any CPU
		{70747C32-6892-42EB-ABF8-93BDB167B2E4}.Release|Any CPU.ActiveCfg = Release|Any CPU
		{70747C32-6892-42EB-ABF8-93BDB167B2E4}.Release|Any CPU.Build.0 = Release|Any CPU
	EndGlobalSection
	GlobalSection(SolutionProperties) = preSolution
		HideSolutionNode = FALSE
	EndGlobalSection
	GlobalSection(ExtensibilityGlobals) = postSolution
		SolutionGuid = {BBCEC675-19E5-4BEE-B9A7-ACC261CFF2B7}
	EndGlobalSection
EndGlobal
