
Microsoft Visual Studio Solution File, Format Version 12.00
# Visual Studio Version 17
VisualStudioVersion = 17.8.34511.84
MinimumVisualStudioVersion = 10.0.40219.1
Project("{FAE04EC0-301F-11D3-BF4B-00C04F79EFBC}") = "minimalApiMongo", "minimalApiMongo\minimalApiMongo.csproj", "{B3663804-78ED-4572-BD6D-0DC9AD779A4B}"
EndProject
Global
	GlobalSection(SolutionConfigurationPlatforms) = preSolution
		Debug|Any CPU = Debug|Any CPU
		Release|Any CPU = Release|Any CPU
	EndGlobalSection
	GlobalSection(ProjectConfigurationPlatforms) = postSolution
		{B3663804-78ED-4572-BD6D-0DC9AD779A4B}.Debug|Any CPU.ActiveCfg = Debug|Any CPU
		{B3663804-78ED-4572-BD6D-0DC9AD779A4B}.Debug|Any CPU.Build.0 = Debug|Any CPU
		{B3663804-78ED-4572-BD6D-0DC9AD779A4B}.Release|Any CPU.ActiveCfg = Release|Any CPU
		{B3663804-78ED-4572-BD6D-0DC9AD779A4B}.Release|Any CPU.Build.0 = Release|Any CPU
	EndGlobalSection
	GlobalSection(SolutionProperties) = preSolution
		HideSolutionNode = FALSE
	EndGlobalSection
	GlobalSection(ExtensibilityGlobals) = postSolution
		SolutionGuid = {30CF0872-E7F7-42D1-A72E-F778BF712F47}
	EndGlobalSection
EndGlobal
